
Microsoft Visual Studio Solution File, Format Version 12.00
# Visual Studio 15
VisualStudioVersion = 15.0.26730.12
MinimumVisualStudioVersion = 10.0.40219.1
Project("{FAE04EC0-301F-11D3-BF4B-00C04F79EFBC}") = "ConsoleMixingNetStandardAndCore", "ConsoleMixingNetStandardAndCore\ConsoleMixingNetStandardAndCore.csproj", "{355F3B0F-F606-47AE-8B24-4082F9B2E02B}"
EndProject
Project("{FAE04EC0-301F-11D3-BF4B-00C04F79EFBC}") = "StandardLibrary", "StandardLibrary\StandardLibrary.csproj", "{90A8D61A-BEE9-4C34-9390-BC3656F0FA48}"
EndProject
Global
	GlobalSection(SolutionConfigurationPlatforms) = preSolution
		Debug|Any CPU = Debug|Any CPU
		Release|Any CPU = Release|Any CPU
	EndGlobalSection
	GlobalSection(ProjectConfigurationPlatforms) = postSolution
		{355F3B0F-F606-47AE-8B24-4082F9B2E02B}.Debug|Any CPU.ActiveCfg = Debug|Any CPU
		{355F3B0F-F606-47AE-8B24-4082F9B2E02B}.Debug|Any CPU.Build.0 = Debug|Any CPU
		{355F3B0F-F606-47AE-8B24-4082F9B2E02B}.Release|Any CPU.ActiveCfg = Release|Any CPU
		{355F3B0F-F606-47AE-8B24-4082F9B2E02B}.Release|Any CPU.Build.0 = Release|Any CPU
		{90A8D61A-BEE9-4C34-9390-BC3656F0FA48}.Debug|Any CPU.ActiveCfg = Debug|Any CPU
		{90A8D61A-BEE9-4C34-9390-BC3656F0FA48}.Debug|Any CPU.Build.0 = Debug|Any CPU
		{90A8D61A-BEE9-4C34-9390-BC3656F0FA48}.Release|Any CPU.ActiveCfg = Release|Any CPU
		{90A8D61A-BEE9-4C34-9390-BC3656F0FA48}.Release|Any CPU.Build.0 = Release|Any CPU
	EndGlobalSection
	GlobalSection(SolutionProperties) = preSolution
		HideSolutionNode = FALSE
	EndGlobalSection
	GlobalSection(ExtensibilityGlobals) = postSolution
		SolutionGuid = {74CA7C04-7720-4BA9-B41D-21248E3E06B4}
	EndGlobalSection
EndGlobal
